// !$*UTF8*$!
{
	archiveVersion = 1;
	classes = {
	};
	objectVersion = 55;
	objects = {

/* Begin PBXBuildFile section */
		CB8B23B8284FF89600AB3E42 /* MyLibraryApp.swift in Sources */ = {isa = PBXBuildFile; fileRef = CB8B23B7284FF89600AB3E42 /* MyLibraryApp.swift */; };
		CB8B23BA284FF89600AB3E42 /* MyLibraryHomeView.swift in Sources */ = {isa = PBXBuildFile; fileRef = CB8B23B9284FF89600AB3E42 /* MyLibraryHomeView.swift */; };
		CB8B23BC284FF89700AB3E42 /* Assets.xcassets in Resources */ = {isa = PBXBuildFile; fileRef = CB8B23BB284FF89700AB3E42 /* Assets.xcassets */; };
		CB8B23BF284FF89700AB3E42 /* Preview Assets.xcassets in Resources */ = {isa = PBXBuildFile; fileRef = CB8B23BE284FF89700AB3E42 /* Preview Assets.xcassets */; };
		CB8B23CD284FFAB700AB3E42 /* Data.json in Resources */ = {isa = PBXBuildFile; fileRef = CB8B23CC284FFAB700AB3E42 /* Data.json */; };
		CB8B23CF284FFEB400AB3E42 /* DataWords.swift in Sources */ = {isa = PBXBuildFile; fileRef = CB8B23CE284FFEB400AB3E42 /* DataWords.swift */; };
		CB8B23D1285000A400AB3E42 /* LibraryModel.swift in Sources */ = {isa = PBXBuildFile; fileRef = CB8B23D0285000A400AB3E42 /* LibraryModel.swift */; };
		CB8B23D3285016E900AB3E42 /* BookView.swift in Sources */ = {isa = PBXBuildFile; fileRef = CB8B23D2285016E900AB3E42 /* BookView.swift */; };
		CB8B23D52850171E00AB3E42 /* BookDetailView.swift in Sources */ = {isa = PBXBuildFile; fileRef = CB8B23D42850171E00AB3E42 /* BookDetailView.swift */; };
		CB8B23D72850197E00AB3E42 /* DataServices.swift in Sources */ = {isa = PBXBuildFile; fileRef = CB8B23D62850197E00AB3E42 /* DataServices.swift */; };
		CBE1BF242878A60500B91F5E /* AVKit.framework in Frameworks */ = {isa = PBXBuildFile; fileRef = CBE1BF232878A60500B91F5E /* AVKit.framework */; };
/* End PBXBuildFile section */

/* Begin PBXFileReference section */
		CB8B23B4284FF89600AB3E42 /* MyLibrary.app */ = {isa = PBXFileReference; explicitFileType = wrapper.application; includeInIndex = 0; path = MyLibrary.app; sourceTree = BUILT_PRODUCTS_DIR; };
		CB8B23B7284FF89600AB3E42 /* MyLibraryApp.swift */ = {isa = PBXFileReference; lastKnownFileType = sourcecode.swift; path = MyLibraryApp.swift; sourceTree = "<group>"; };
		CB8B23B9284FF89600AB3E42 /* MyLibraryHomeView.swift */ = {isa = PBXFileReference; lastKnownFileType = sourcecode.swift; path = MyLibraryHomeView.swift; sourceTree = "<group>"; };
		CB8B23BB284FF89700AB3E42 /* Assets.xcassets */ = {isa = PBXFileReference; lastKnownFileType = folder.assetcatalog; path = Assets.xcassets; sourceTree = "<group>"; };
		CB8B23BE284FF89700AB3E42 /* Preview Assets.xcassets */ = {isa = PBXFileReference; lastKnownFileType = folder.assetcatalog; path = "Preview Assets.xcassets"; sourceTree = "<group>"; };
		CB8B23CC284FFAB700AB3E42 /* Data.json */ = {isa = PBXFileReference; fileEncoding = 4; lastKnownFileType = text.json; path = Data.json; sourceTree = "<group>"; };
		CB8B23CE284FFEB400AB3E42 /* DataWords.swift */ = {isa = PBXFileReference; lastKnownFileType = sourcecode.swift; path = DataWords.swift; sourceTree = "<group>"; };
		CB8B23D0285000A400AB3E42 /* LibraryModel.swift */ = {isa = PBXFileReference; lastKnownFileType = sourcecode.swift; path = LibraryModel.swift; sourceTree = "<group>"; };
		CB8B23D2285016E900AB3E42 /* BookView.swift */ = {isa = PBXFileReference; lastKnownFileType = sourcecode.swift; path = BookView.swift; sourceTree = "<group>"; };
		CB8B23D42850171E00AB3E42 /* BookDetailView.swift */ = {isa = PBXFileReference; lastKnownFileType = sourcecode.swift; path = BookDetailView.swift; sourceTree = "<group>"; };
		CB8B23D62850197E00AB3E42 /* DataServices.swift */ = {isa = PBXFileReference; lastKnownFileType = sourcecode.swift; path = DataServices.swift; sourceTree = "<group>"; };
		CBE1BF232878A60500B91F5E /* AVKit.framework */ = {isa = PBXFileReference; lastKnownFileType = wrapper.framework; name = AVKit.framework; path = System/Library/Frameworks/AVKit.framework; sourceTree = SDKROOT; };
/* End PBXFileReference section */

/* Begin PBXFrameworksBuildPhase section */
		CB8B23B1284FF89600AB3E42 /* Frameworks */ = {
			isa = PBXFrameworksBuildPhase;
			buildActionMask = 2147483647;
			files = (
				CBE1BF242878A60500B91F5E /* AVKit.framework in Frameworks */,
			);
			runOnlyForDeploymentPostprocessing = 0;
		};
/* End PBXFrameworksBuildPhase section */

/* Begin PBXGroup section */
		CB8B23AB284FF89600AB3E42 = {
			isa = PBXGroup;
			children = (
				CB8B23B6284FF89600AB3E42 /* MyLibrary */,
				CB8B23B5284FF89600AB3E42 /* Products */,
				CBE1BF222878A60500B91F5E /* Frameworks */,
			);
			sourceTree = "<group>";
		};
		CB8B23B5284FF89600AB3E42 /* Products */ = {
			isa = PBXGroup;
			children = (
				CB8B23B4284FF89600AB3E42 /* MyLibrary.app */,
			);
			name = Products;
			sourceTree = "<group>";
		};
		CB8B23B6284FF89600AB3E42 /* MyLibrary */ = {
			isa = PBXGroup;
			children = (
				CB8B23B7284FF89600AB3E42 /* MyLibraryApp.swift */,
				CB8B23C5284FF9A100AB3E42 /* Views */,
				CB8B23C6284FF9AA00AB3E42 /* ViewModels */,
				CB8B23C7284FF9B300AB3E42 /* Models */,
				CB8B23C9284FF9D600AB3E42 /* Services */,
				CB8B23C8284FF9CF00AB3E42 /* Data */,
				CB8B23BB284FF89700AB3E42 /* Assets.xcassets */,
				CB8B23BD284FF89700AB3E42 /* Preview Content */,
			);
			path = MyLibrary;
			sourceTree = "<group>";
		};
		CB8B23BD284FF89700AB3E42 /* Preview Content */ = {
			isa = PBXGroup;
			children = (
				CB8B23BE284FF89700AB3E42 /* Preview Assets.xcassets */,
			);
			path = "Preview Content";
			sourceTree = "<group>";
		};
		CB8B23C5284FF9A100AB3E42 /* Views */ = {
			isa = PBXGroup;
			children = (
				CB8B23B9284FF89600AB3E42 /* MyLibraryHomeView.swift */,
				CB8B23D2285016E900AB3E42 /* BookView.swift */,
				CB8B23D42850171E00AB3E42 /* BookDetailView.swift */,
			);
			path = Views;
			sourceTree = "<group>";
		};
		CB8B23C6284FF9AA00AB3E42 /* ViewModels */ = {
			isa = PBXGroup;
			children = (
				CB8B23D0285000A400AB3E42 /* LibraryModel.swift */,
			);
			path = ViewModels;
			sourceTree = "<group>";
		};
		CB8B23C7284FF9B300AB3E42 /* Models */ = {
			isa = PBXGroup;
			children = (
				CB8B23CE284FFEB400AB3E42 /* DataWords.swift */,
			);
			path = Models;
			sourceTree = "<group>";
		};
		CB8B23C8284FF9CF00AB3E42 /* Data */ = {
			isa = PBXGroup;
			children = (
				CB8B23CC284FFAB700AB3E42 /* Data.json */,
			);
			path = Data;
			sourceTree = "<group>";
		};
		CB8B23C9284FF9D600AB3E42 /* Services */ = {
			isa = PBXGroup;
			children = (
				CB8B23D62850197E00AB3E42 /* DataServices.swift */,
			);
			path = Services;
			sourceTree = "<group>";
		};
		CBE1BF222878A60500B91F5E /* Frameworks */ = {
			isa = PBXGroup;
			children = (
				CBE1BF232878A60500B91F5E /* AVKit.framework */,
			);
			name = Frameworks;
			sourceTree = "<group>";
		};
/* End PBXGroup section */

/* Begin PBXNativeTarget section */
		CB8B23B3284FF89600AB3E42 /* MyLibrary */ = {
			isa = PBXNativeTarget;
			buildConfigurationList = CB8B23C2284FF89700AB3E42 /* Build configuration list for PBXNativeTarget "MyLibrary" */;
			buildPhases = (
				CB8B23B0284FF89600AB3E42 /* Sources */,
				CB8B23B1284FF89600AB3E42 /* Frameworks */,
				CB8B23B2284FF89600AB3E42 /* Resources */,
			);
			buildRules = (
			);
			dependencies = (
			);
			name = MyLibrary;
			productName = MyLibrary;
			productReference = CB8B23B4284FF89600AB3E42 /* MyLibrary.app */;
			productType = "com.apple.product-type.application";
		};
/* End PBXNativeTarget section */

/* Begin PBXProject section */
		CB8B23AC284FF89600AB3E42 /* Project object */ = {
			isa = PBXProject;
			attributes = {
				BuildIndependentTargetsInParallel = 1;
				LastSwiftUpdateCheck = 1340;
				LastUpgradeCheck = 1340;
				TargetAttributes = {
					CB8B23B3284FF89600AB3E42 = {
						CreatedOnToolsVersion = 13.4.1;
					};
				};
			};
			buildConfigurationList = CB8B23AF284FF89600AB3E42 /* Build configuration list for PBXProject "MyLibrary" */;
			compatibilityVersion = "Xcode 13.0";
			developmentRegion = en;
			hasScannedForEncodings = 0;
			knownRegions = (
				en,
				Base,
			);
			mainGroup = CB8B23AB284FF89600AB3E42;
			productRefGroup = CB8B23B5284FF89600AB3E42 /* Products */;
			projectDirPath = "";
			projectRoot = "";
			targets = (
				CB8B23B3284FF89600AB3E42 /* MyLibrary */,
			);
		};
/* End PBXProject section */

/* Begin PBXResourcesBuildPhase section */
		CB8B23B2284FF89600AB3E42 /* Resources */ = {
			isa = PBXResourcesBuildPhase;
			buildActionMask = 2147483647;
			files = (
				CB8B23BF284FF89700AB3E42 /* Preview Assets.xcassets in Resources */,
				CB8B23BC284FF89700AB3E42 /* Assets.xcassets in Resources */,
				CB8B23CD284FFAB700AB3E42 /* Data.json in Resources */,
			);
			runOnlyForDeploymentPostprocessing = 0;
		};
/* End PBXResourcesBuildPhase section */

/* Begin PBXSourcesBuildPhase section */
		CB8B23B0284FF89600AB3E42 /* Sources */ = {
			isa = PBXSourcesBuildPhase;
			buildActionMask = 2147483647;
			files = (
				CB8B23BA284FF89600AB3E42 /* MyLibraryHomeView.swift in Sources */,
				CB8B23D72850197E00AB3E42 /* DataServices.swift in Sources */,
				CB8B23CF284FFEB400AB3E42 /* DataWords.swift in Sources */,
				CB8B23B8284FF89600AB3E42 /* MyLibraryApp.swift in Sources */,
				CB8B23D1285000A400AB3E42 /* LibraryModel.swift in Sources */,
				CB8B23D52850171E00AB3E42 /* BookDetailView.swift in Sources */,
				CB8B23D3285016E900AB3E42 /* BookView.swift in Sources */,
			);
			runOnlyForDeploymentPostprocessing = 0;
		};
/* End PBXSourcesBuildPhase section */

/* Begin XCBuildConfiguration section */
		CB8B23C0284FF89700AB3E42 /* Debug */ = {
			isa = XCBuildConfiguration;
			buildSettings = {
				ALWAYS_SEARCH_USER_PATHS = NO;
				CLANG_ANALYZER_NONNULL = YES;
				CLANG_ANALYZER_NUMBER_OBJECT_CONVERSION = YES_AGGRESSIVE;
				CLANG_CXX_LANGUAGE_STANDARD = "gnu++17";
				CLANG_ENABLE_MODULES = YES;
				CLANG_ENABLE_OBJC_ARC = YES;
				CLANG_ENABLE_OBJC_WEAK = YES;
				CLANG_WARN_BLOCK_CAPTURE_AUTORELEASING = YES;
				CLANG_WARN_BOOL_CONVERSION = YES;
				CLANG_WARN_COMMA = YES;
				CLANG_WARN_CONSTANT_CONVERSION = YES;
				CLANG_WARN_DEPRECATED_OBJC_IMPLEMENTATIONS = YES;
				CLANG_WARN_DIRECT_OBJC_ISA_USAGE = YES_ERROR;
				CLANG_WARN_DOCUMENTATION_COMMENTS = YES;
				CLANG_WARN_EMPTY_BODY = YES;
				CLANG_WARN_ENUM_CONVERSION = YES;
				CLANG_WARN_INFINITE_RECURSION = YES;
				CLANG_WARN_INT_CONVERSION = YES;
				CLANG_WARN_NON_LITERAL_NULL_CONVERSION = YES;
				CLANG_WARN_OBJC_IMPLICIT_RETAIN_SELF = YES;
				CLANG_WARN_OBJC_LITERAL_CONVERSION = YES;
				CLANG_WARN_OBJC_ROOT_CLASS = YES_ERROR;
				CLANG_WARN_QUOTED_INCLUDE_IN_FRAMEWORK_HEADER = YES;
				CLANG_WARN_RANGE_LOOP_ANALYSIS = YES;
				CLANG_WARN_STRICT_PROTOTYPES = YES;
				CLANG_WARN_SUSPICIOUS_MOVE = YES;
				CLANG_WARN_UNGUARDED_AVAILABILITY = YES_AGGRESSIVE;
				CLANG_WARN_UNREACHABLE_CODE = YES;
				CLANG_WARN__DUPLICATE_METHOD_MATCH = YES;
				COPY_PHASE_STRIP = NO;
				DEBUG_INFORMATION_FORMAT = dwarf;
				ENABLE_STRICT_OBJC_MSGSEND = YES;
				ENABLE_TESTABILITY = YES;
				GCC_C_LANGUAGE_STANDARD = gnu11;
				GCC_DYNAMIC_NO_PIC = NO;
				GCC_NO_COMMON_BLOCKS = YES;
				GCC_OPTIMIZATION_LEVEL = 0;
				GCC_PREPROCESSOR_DEFINITIONS = (
					"DEBUG=1",
					"$(inherited)",
				);
				GCC_WARN_64_TO_32_BIT_CONVERSION = YES;
				GCC_WARN_ABOUT_RETURN_TYPE = YES_ERROR;
				GCC_WARN_UNDECLARED_SELECTOR = YES;
				GCC_WARN_UNINITIALIZED_AUTOS = YES_AGGRESSIVE;
				GCC_WARN_UNUSED_FUNCTION = YES;
				GCC_WARN_UNUSED_VARIABLE = YES;
				IPHONEOS_DEPLOYMENT_TARGET = 15.5;
				MTL_ENABLE_DEBUG_INFO = INCLUDE_SOURCE;
				MTL_FAST_MATH = YES;
				ONLY_ACTIVE_ARCH = YES;
				SDKROOT = iphoneos;
				SWIFT_ACTIVE_COMPILATION_CONDITIONS = DEBUG;
				SWIFT_OPTIMIZATION_LEVEL = "-Onone";
			};
			name = Debug;
		};
		CB8B23C1284FF89700AB3E42 /* Release */ = {
			isa = XCBuildConfiguration;
			buildSettings = {
				ALWAYS_SEARCH_USER_PATHS = NO;
				CLANG_ANALYZER_NONNULL = YES;
				CLANG_ANALYZER_NUMBER_OBJECT_CONVERSION = YES_AGGRESSIVE;
				CLANG_CXX_LANGUAGE_STANDARD = "gnu++17";
				CLANG_ENABLE_MODULES = YES;
				CLANG_ENABLE_OBJC_ARC = YES;
				CLANG_ENABLE_OBJC_WEAK = YES;
				CLANG_WARN_BLOCK_CAPTURE_AUTORELEASING = YES;
				CLANG_WARN_BOOL_CONVERSION = YES;
				CLANG_WARN_COMMA = YES;
				CLANG_WARN_CONSTANT_CONVERSION = YES;
				CLANG_WARN_DEPRECATED_OBJC_IMPLEMENTATIONS = YES;
				CLANG_WARN_DIRECT_OBJC_ISA_USAGE = YES_ERROR;
				CLANG_WARN_DOCUMENTATION_COMMENTS = YES;
				CLANG_WARN_EMPTY_BODY = YES;
				CLANG_WARN_ENUM_CONVERSION = YES;
				CLANG_WARN_INFINITE_RECURSION = YES;
				CLANG_WARN_INT_CONVERSION = YES;
				CLANG_WARN_NON_LITERAL_NULL_CONVERSION = YES;
				CLANG_WARN_OBJC_IMPLICIT_RETAIN_SELF = YES;
				CLANG_WARN_OBJC_LITERAL_CONVERSION = YES;
				CLANG_WARN_OBJC_ROOT_CLASS = YES_ERROR;
				CLANG_WARN_QUOTED_INCLUDE_IN_FRAMEWORK_HEADER = YES;
				CLANG_WARN_RANGE_LOOP_ANALYSIS = YES;
				CLANG_WARN_STRICT_PROTOTYPES = YES;
				CLANG_WARN_SUSPICIOUS_MOVE = YES;
				CLANG_WARN_UNGUARDED_AVAILABILITY = YES_AGGRESSIVE;
				CLANG_WARN_UNREACHABLE_CODE = YES;
				CLANG_WARN__DUPLICATE_METHOD_MATCH = YES;
				COPY_PHASE_STRIP = NO;
				DEBUG_INFORMATION_FORMAT = "dwarf-with-dsym";
				ENABLE_NS_ASSERTIONS = NO;
				ENABLE_STRICT_OBJC_MSGSEND = YES;
				GCC_C_LANGUAGE_STANDARD = gnu11;
				GCC_NO_COMMON_BLOCKS = YES;
				GCC_WARN_64_TO_32_BIT_CONVERSION = YES;
				GCC_WARN_ABOUT_RETURN_TYPE = YES_ERROR;
				GCC_WARN_UNDECLARED_SELECTOR = YES;
				GCC_WARN_UNINITIALIZED_AUTOS = YES_AGGRESSIVE;
				GCC_WARN_UNUSED_FUNCTION = YES;
				GCC_WARN_UNUSED_VARIABLE = YES;
				IPHONEOS_DEPLOYMENT_TARGET = 15.5;
				MTL_ENABLE_DEBUG_INFO = NO;
				MTL_FAST_MATH = YES;
				SDKROOT = iphoneos;
				SWIFT_COMPILATION_MODE = wholemodule;
				SWIFT_OPTIMIZATION_LEVEL = "-O";
				VALIDATE_PRODUCT = YES;
			};
			name = Release;
		};
		CB8B23C3284FF89700AB3E42 /* Debug */ = {
			isa = XCBuildConfiguration;
			buildSettings = {
				ASSETCATALOG_COMPILER_APPICON_NAME = AppIcon;
				ASSETCATALOG_COMPILER_GLOBAL_ACCENT_COLOR_NAME = AccentColor;
				CODE_SIGN_STYLE = Automatic;
				CURRENT_PROJECT_VERSION = 1;
				DEVELOPMENT_ASSET_PATHS = "\"MyLibrary/Preview Content\"";
				DEVELOPMENT_TEAM = W9TXJ44VCB;
				ENABLE_PREVIEWS = YES;
				GENERATE_INFOPLIST_FILE = YES;
				INFOPLIST_KEY_UIApplicationSceneManifest_Generation = YES;
				INFOPLIST_KEY_UIApplicationSupportsIndirectInputEvents = YES;
				INFOPLIST_KEY_UILaunchScreen_Generation = YES;
				INFOPLIST_KEY_UISupportedInterfaceOrientations_iPad = "UIInterfaceOrientationPortrait UIInterfaceOrientationPortraitUpsideDown UIInterfaceOrientationLandscapeLeft UIInterfaceOrientationLandscapeRight";
				INFOPLIST_KEY_UISupportedInterfaceOrientations_iPhone = "UIInterfaceOrientationPortrait UIInterfaceOrientationLandscapeLeft UIInterfaceOrientationLandscapeRight";
				LD_RUNPATH_SEARCH_PATHS = (
					"$(inherited)",
					"@executable_path/Frameworks",
				);
				MARKETING_VERSION = 1.0;
				PRODUCT_BUNDLE_IDENTIFIER = com.karlavohra.MyLibrary;
				PRODUCT_NAME = "$(TARGET_NAME)";
				SWIFT_EMIT_LOC_STRINGS = YES;
				SWIFT_VERSION = 5.0;
				TARGETED_DEVICE_FAMILY = "1,2";
			};
			name = Debug;
		};
		CB8B23C4284FF89700AB3E42 /* Release */ = {
			isa = XCBuildConfiguration;
			buildSettings = {
				ASSETCATALOG_COMPILER_APPICON_NAME = AppIcon;
				ASSETCATALOG_COMPILER_GLOBAL_ACCENT_COLOR_NAME = AccentColor;
				CODE_SIGN_STYLE = Automatic;
				CURRENT_PROJECT_VERSION = 1;
				DEVELOPMENT_ASSET_PATHS = "\"MyLibrary/Preview Content\"";
				DEVELOPMENT_TEAM = W9TXJ44VCB;
				ENABLE_PREVIEWS = YES;
				GENERATE_INFOPLIST_FILE = YES;
				INFOPLIST_KEY_UIApplicationSceneManifest_Generation = YES;
				INFOPLIST_KEY_UIApplicationSupportsIndirectInputEvents = YES;
				INFOPLIST_KEY_UILaunchScreen_Generation = YES;
				INFOPLIST_KEY_UISupportedInterfaceOrientations_iPad = "UIInterfaceOrientationPortrait UIInterfaceOrientationPortraitUpsideDown UIInterfaceOrientationLandscapeLeft UIInterfaceOrientationLandscapeRight";
				INFOPLIST_KEY_UISupportedInterfaceOrientations_iPhone = "UIInterfaceOrientationPortrait UIInterfaceOrientationLandscapeLeft UIInterfaceOrientationLandscapeRight";
				LD_RUNPATH_SEARCH_PATHS = (
					"$(inherited)",
					"@executable_path/Frameworks",
				);
				MARKETING_VERSION = 1.0;
				PRODUCT_BUNDLE_IDENTIFIER = com.karlavohra.MyLibrary;
				PRODUCT_NAME = "$(TARGET_NAME)";
				SWIFT_EMIT_LOC_STRINGS = YES;
				SWIFT_VERSION = 5.0;
				TARGETED_DEVICE_FAMILY = "1,2";
			};
			name = Release;
		};
/* End XCBuildConfiguration section */

/* Begin XCConfigurationList section */
		CB8B23AF284FF89600AB3E42 /* Build configuration list for PBXProject "MyLibrary" */ = {
			isa = XCConfigurationList;
			buildConfigurations = (
				CB8B23C0284FF89700AB3E42 /* Debug */,
				CB8B23C1284FF89700AB3E42 /* Release */,
			);
			defaultConfigurationIsVisible = 0;
			defaultConfigurationName = Release;
		};
		CB8B23C2284FF89700AB3E42 /* Build configuration list for PBXNativeTarget "MyLibrary" */ = {
			isa = XCConfigurationList;
			buildConfigurations = (
				CB8B23C3284FF89700AB3E42 /* Debug */,
				CB8B23C4284FF89700AB3E42 /* Release */,
			);
			defaultConfigurationIsVisible = 0;
			defaultConfigurationName = Release;
		};
/* End XCConfigurationList section */
	};
	rootObject = CB8B23AC284FF89600AB3E42 /* Project object */;
}
